
Microsoft Visual Studio Solution File, Format Version 12.00
# Visual Studio Version 16
VisualStudioVersion = 16.0.31729.503
MinimumVisualStudioVersion = 10.0.40219.1
Project("{9A19103F-16F7-4668-BE54-9A1E7A4F7556}") = "Symmetric_Encryption", "Symmetric_Encryption\Symmetric_Encryption.csproj", "{DE9CF68E-0A01-4655-968F-4FAB4EBDA84C}"
EndProject
Project("{9A19103F-16F7-4668-BE54-9A1E7A4F7556}") = "EncryptDecryptLib", "EncryptDecryptLib\EncryptDecryptLib.csproj", "{E6CD2149-1CC1-46AC-8BAC-1036486CE7ED}"
EndProject
Project("{FAE04EC0-301F-11D3-BF4B-00C04F79EFBC}") = "Asymmetric_Encryption", "Asymmetric_Encryption\Asymmetric_Encryption.csproj", "{F2F606C1-3428-46F6-9C8D-CBC4FF4C3BC2}"
EndProject
Project("{FAE04EC0-301F-11D3-BF4B-00C04F79EFBC}") = "Asymmetric_Symmetric_Encryption", "Asymmetric_Symmetric_Encryption\Asymmetric_Symmetric_Encryption.csproj", "{FCF8CA6A-F2EF-4A39-94EC-2A926B7BFD8E}"
EndProject
Global
	GlobalSection(SolutionConfigurationPlatforms) = preSolution
		Debug|Any CPU = Debug|Any CPU
		Release|Any CPU = Release|Any CPU
	EndGlobalSection
	GlobalSection(ProjectConfigurationPlatforms) = postSolution
		{DE9CF68E-0A01-4655-968F-4FAB4EBDA84C}.Debug|Any CPU.ActiveCfg = Debug|Any CPU
		{DE9CF68E-0A01-4655-968F-4FAB4EBDA84C}.Debug|Any CPU.Build.0 = Debug|Any CPU
		{DE9CF68E-0A01-4655-968F-4FAB4EBDA84C}.Release|Any CPU.ActiveCfg = Release|Any CPU
		{DE9CF68E-0A01-4655-968F-4FAB4EBDA84C}.Release|Any CPU.Build.0 = Release|Any CPU
		{E6CD2149-1CC1-46AC-8BAC-1036486CE7ED}.Debug|Any CPU.ActiveCfg = Debug|Any CPU
		{E6CD2149-1CC1-46AC-8BAC-1036486CE7ED}.Debug|Any CPU.Build.0 = Debug|Any CPU
		{E6CD2149-1CC1-46AC-8BAC-1036486CE7ED}.Release|Any CPU.ActiveCfg = Release|Any CPU
		{E6CD2149-1CC1-46AC-8BAC-1036486CE7ED}.Release|Any CPU.Build.0 = Release|Any CPU
		{F2F606C1-3428-46F6-9C8D-CBC4FF4C3BC2}.Debug|Any CPU.ActiveCfg = Debug|Any CPU
		{F2F606C1-3428-46F6-9C8D-CBC4FF4C3BC2}.Debug|Any CPU.Build.0 = Debug|Any CPU
		{F2F606C1-3428-46F6-9C8D-CBC4FF4C3BC2}.Release|Any CPU.ActiveCfg = Release|Any CPU
		{F2F606C1-3428-46F6-9C8D-CBC4FF4C3BC2}.Release|Any CPU.Build.0 = Release|Any CPU
		{FCF8CA6A-F2EF-4A39-94EC-2A926B7BFD8E}.Debug|Any CPU.ActiveCfg = Debug|Any CPU
		{FCF8CA6A-F2EF-4A39-94EC-2A926B7BFD8E}.Debug|Any CPU.Build.0 = Debug|Any CPU
		{FCF8CA6A-F2EF-4A39-94EC-2A926B7BFD8E}.Release|Any CPU.ActiveCfg = Release|Any CPU
		{FCF8CA6A-F2EF-4A39-94EC-2A926B7BFD8E}.Release|Any CPU.Build.0 = Release|Any CPU
	EndGlobalSection
	GlobalSection(SolutionProperties) = preSolution
		HideSolutionNode = FALSE
	EndGlobalSection
	GlobalSection(ExtensibilityGlobals) = postSolution
		SolutionGuid = {A63016B5-AA93-406D-AA31-7548B37E0755}
	EndGlobalSection
EndGlobal
